// !$*UTF8*$!
{
	archiveVersion = 1;
	classes = {
	};
	objectVersion = 46;
	objects = {

/* Begin PBXBuildFile section */
		FE9270021695E2E600611FD2 /* UIKit.framework in Frameworks */ = {isa = PBXBuildFile; fileRef = FE9270011695E2E600611FD2 /* UIKit.framework */; };
		FE9270041695E2E600611FD2 /* Foundation.framework in Frameworks */ = {isa = PBXBuildFile; fileRef = FE9270031695E2E600611FD2 /* Foundation.framework */; };
		FE9270061695E2E600611FD2 /* CoreGraphics.framework in Frameworks */ = {isa = PBXBuildFile; fileRef = FE9270051695E2E600611FD2 /* CoreGraphics.framework */; };
		FE92700C1695E2E600611FD2 /* InfoPlist.strings in Resources */ = {isa = PBXBuildFile; fileRef = FE92700A1695E2E600611FD2 /* InfoPlist.strings */; };
		FE92700E1695E2E600611FD2 /* main.m in Sources */ = {isa = PBXBuildFile; fileRef = FE92700D1695E2E600611FD2 /* main.m */; };
		FE9270121695E2E600611FD2 /* AppDelegate.m in Sources */ = {isa = PBXBuildFile; fileRef = FE9270111695E2E600611FD2 /* AppDelegate.m */; };
		FE9270141695E2E600611FD2 /* Default.png in Resources */ = {isa = PBXBuildFile; fileRef = FE9270131695E2E600611FD2 /* Default.png */; };
		FE9270161695E2E600611FD2 /* Default@2x.png in Resources */ = {isa = PBXBuildFile; fileRef = FE9270151695E2E600611FD2 /* Default@2x.png */; };
		FE9270181695E2E600611FD2 /* Default-568h@2x.png in Resources */ = {isa = PBXBuildFile; fileRef = FE9270171695E2E600611FD2 /* Default-568h@2x.png */; };
		FE92701B1695E2E600611FD2 /* MainStoryboard_iPhone.storyboard in Resources */ = {isa = PBXBuildFile; fileRef = FE9270191695E2E600611FD2 /* MainStoryboard_iPhone.storyboard */; };
		FE92701E1695E2E600611FD2 /* MainStoryboard_iPad.storyboard in Resources */ = {isa = PBXBuildFile; fileRef = FE92701C1695E2E600611FD2 /* MainStoryboard_iPad.storyboard */; };
		FE9270211695E2E600611FD2 /* FirstViewController.m in Sources */ = {isa = PBXBuildFile; fileRef = FE9270201695E2E600611FD2 /* FirstViewController.m */; };
		FE9270231695E2E600611FD2 /* first.png in Resources */ = {isa = PBXBuildFile; fileRef = FE9270221695E2E600611FD2 /* first.png */; };
		FE9270251695E2E600611FD2 /* first@2x.png in Resources */ = {isa = PBXBuildFile; fileRef = FE9270241695E2E600611FD2 /* first@2x.png */; };
		FE9270281695E2E600611FD2 /* SecondViewController.m in Sources */ = {isa = PBXBuildFile; fileRef = FE9270271695E2E600611FD2 /* SecondViewController.m */; };
		FE92702A1695E2E600611FD2 /* second.png in Resources */ = {isa = PBXBuildFile; fileRef = FE9270291695E2E600611FD2 /* second.png */; };
		FE92702C1695E2E600611FD2 /* second@2x.png in Resources */ = {isa = PBXBuildFile; fileRef = FE92702B1695E2E600611FD2 /* second@2x.png */; };
		FE9270341695E2E700611FD2 /* SenTestingKit.framework in Frameworks */ = {isa = PBXBuildFile; fileRef = FE9270331695E2E700611FD2 /* SenTestingKit.framework */; };
		FE9270351695E2E700611FD2 /* UIKit.framework in Frameworks */ = {isa = PBXBuildFile; fileRef = FE9270011695E2E600611FD2 /* UIKit.framework */; };
		FE9270361695E2E700611FD2 /* Foundation.framework in Frameworks */ = {isa = PBXBuildFile; fileRef = FE9270031695E2E600611FD2 /* Foundation.framework */; };
		FE92703E1695E2E700611FD2 /* InfoPlist.strings in Resources */ = {isa = PBXBuildFile; fileRef = FE92703C1695E2E700611FD2 /* InfoPlist.strings */; };
		FE9270411695E2E700611FD2 /* Page_AppstractsTests.m in Sources */ = {isa = PBXBuildFile; fileRef = FE9270401695E2E700611FD2 /* Page_AppstractsTests.m */; };
/* End PBXBuildFile section */

/* Begin PBXContainerItemProxy section */
		FE9270371695E2E700611FD2 /* PBXContainerItemProxy */ = {
			isa = PBXContainerItemProxy;
			containerPortal = FE926FF41695E2E600611FD2 /* Project object */;
			proxyType = 1;
			remoteGlobalIDString = FE926FFC1695E2E600611FD2;
			remoteInfo = "Page Appstracts";
		};
/* End PBXContainerItemProxy section */

/* Begin PBXFileReference section */
		FE926FFD1695E2E600611FD2 /* Page Appstracts.app */ = {isa = PBXFileReference; explicitFileType = wrapper.application; includeInIndex = 0; path = "Page Appstracts.app"; sourceTree = BUILT_PRODUCTS_DIR; };
		FE9270011695E2E600611FD2 /* UIKit.framework */ = {isa = PBXFileReference; lastKnownFileType = wrapper.framework; name = UIKit.framework; path = System/Library/Frameworks/UIKit.framework; sourceTree = SDKROOT; };
		FE9270031695E2E600611FD2 /* Foundation.framework */ = {isa = PBXFileReference; lastKnownFileType = wrapper.framework; name = Foundation.framework; path = System/Library/Frameworks/Foundation.framework; sourceTree = SDKROOT; };
		FE9270051695E2E600611FD2 /* CoreGraphics.framework */ = {isa = PBXFileReference; lastKnownFileType = wrapper.framework; name = CoreGraphics.framework; path = System/Library/Frameworks/CoreGraphics.framework; sourceTree = SDKROOT; };
		FE9270091695E2E600611FD2 /* Page Appstracts-Info.plist */ = {isa = PBXFileReference; lastKnownFileType = text.plist.xml; path = "Page Appstracts-Info.plist"; sourceTree = "<group>"; };
		FE92700B1695E2E600611FD2 /* en */ = {isa = PBXFileReference; lastKnownFileType = text.plist.strings; name = en; path = en.lproj/InfoPlist.strings; sourceTree = "<group>"; };
		FE92700D1695E2E600611FD2 /* main.m */ = {isa = PBXFileReference; lastKnownFileType = sourcecode.c.objc; path = main.m; sourceTree = "<group>"; };
		FE92700F1695E2E600611FD2 /* Page Appstracts-Prefix.pch */ = {isa = PBXFileReference; lastKnownFileType = sourcecode.c.h; path = "Page Appstracts-Prefix.pch"; sourceTree = "<group>"; };
		FE9270101695E2E600611FD2 /* AppDelegate.h */ = {isa = PBXFileReference; lastKnownFileType = sourcecode.c.h; path = AppDelegate.h; sourceTree = "<group>"; };
		FE9270111695E2E600611FD2 /* AppDelegate.m */ = {isa = PBXFileReference; lastKnownFileType = sourcecode.c.objc; path = AppDelegate.m; sourceTree = "<group>"; };
		FE9270131695E2E600611FD2 /* Default.png */ = {isa = PBXFileReference; lastKnownFileType = image.png; path = Default.png; sourceTree = "<group>"; };
		FE9270151695E2E600611FD2 /* Default@2x.png */ = {isa = PBXFileReference; lastKnownFileType = image.png; path = "Default@2x.png"; sourceTree = "<group>"; };
		FE9270171695E2E600611FD2 /* Default-568h@2x.png */ = {isa = PBXFileReference; lastKnownFileType = image.png; path = "Default-568h@2x.png"; sourceTree = "<group>"; };
		FE92701A1695E2E600611FD2 /* en */ = {isa = PBXFileReference; lastKnownFileType = file.storyboard; name = en; path = en.lproj/MainStoryboard_iPhone.storyboard; sourceTree = "<group>"; };
		FE92701D1695E2E600611FD2 /* en */ = {isa = PBXFileReference; lastKnownFileType = file.storyboard; name = en; path = en.lproj/MainStoryboard_iPad.storyboard; sourceTree = "<group>"; };
		FE92701F1695E2E600611FD2 /* FirstViewController.h */ = {isa = PBXFileReference; lastKnownFileType = sourcecode.c.h; path = FirstViewController.h; sourceTree = "<group>"; };
		FE9270201695E2E600611FD2 /* FirstViewController.m */ = {isa = PBXFileReference; lastKnownFileType = sourcecode.c.objc; path = FirstViewController.m; sourceTree = "<group>"; };
		FE9270221695E2E600611FD2 /* first.png */ = {isa = PBXFileReference; lastKnownFileType = image.png; path = first.png; sourceTree = "<group>"; };
		FE9270241695E2E600611FD2 /* first@2x.png */ = {isa = PBXFileReference; lastKnownFileType = image.png; path = "first@2x.png"; sourceTree = "<group>"; };
		FE9270261695E2E600611FD2 /* SecondViewController.h */ = {isa = PBXFileReference; lastKnownFileType = sourcecode.c.h; path = SecondViewController.h; sourceTree = "<group>"; };
		FE9270271695E2E600611FD2 /* SecondViewController.m */ = {isa = PBXFileReference; lastKnownFileType = sourcecode.c.objc; path = SecondViewController.m; sourceTree = "<group>"; };
		FE9270291695E2E600611FD2 /* second.png */ = {isa = PBXFileReference; lastKnownFileType = image.png; path = second.png; sourceTree = "<group>"; };
		FE92702B1695E2E600611FD2 /* second@2x.png */ = {isa = PBXFileReference; lastKnownFileType = image.png; path = "second@2x.png"; sourceTree = "<group>"; };
		FE9270321695E2E700611FD2 /* Page AppstractsTests.octest */ = {isa = PBXFileReference; explicitFileType = wrapper.cfbundle; includeInIndex = 0; path = "Page AppstractsTests.octest"; sourceTree = BUILT_PRODUCTS_DIR; };
		FE9270331695E2E700611FD2 /* SenTestingKit.framework */ = {isa = PBXFileReference; lastKnownFileType = wrapper.framework; name = SenTestingKit.framework; path = Library/Frameworks/SenTestingKit.framework; sourceTree = DEVELOPER_DIR; };
		FE92703B1695E2E700611FD2 /* Page AppstractsTests-Info.plist */ = {isa = PBXFileReference; lastKnownFileType = text.plist.xml; path = "Page AppstractsTests-Info.plist"; sourceTree = "<group>"; };
		FE92703D1695E2E700611FD2 /* en */ = {isa = PBXFileReference; lastKnownFileType = text.plist.strings; name = en; path = en.lproj/InfoPlist.strings; sourceTree = "<group>"; };
		FE92703F1695E2E700611FD2 /* Page_AppstractsTests.h */ = {isa = PBXFileReference; lastKnownFileType = sourcecode.c.h; path = Page_AppstractsTests.h; sourceTree = "<group>"; };
		FE9270401695E2E700611FD2 /* Page_AppstractsTests.m */ = {isa = PBXFileReference; lastKnownFileType = sourcecode.c.objc; path = Page_AppstractsTests.m; sourceTree = "<group>"; };
/* End PBXFileReference section */

/* Begin PBXFrameworksBuildPhase section */
		FE926FFA1695E2E600611FD2 /* Frameworks */ = {
			isa = PBXFrameworksBuildPhase;
			buildActionMask = 2147483647;
			files = (
				FE9270021695E2E600611FD2 /* UIKit.framework in Frameworks */,
				FE9270041695E2E600611FD2 /* Foundation.framework in Frameworks */,
				FE9270061695E2E600611FD2 /* CoreGraphics.framework in Frameworks */,
			);
			runOnlyForDeploymentPostprocessing = 0;
		};
		FE92702E1695E2E700611FD2 /* Frameworks */ = {
			isa = PBXFrameworksBuildPhase;
			buildActionMask = 2147483647;
			files = (
				FE9270341695E2E700611FD2 /* SenTestingKit.framework in Frameworks */,
				FE9270351695E2E700611FD2 /* UIKit.framework in Frameworks */,
				FE9270361695E2E700611FD2 /* Foundation.framework in Frameworks */,
			);
			runOnlyForDeploymentPostprocessing = 0;
		};
/* End PBXFrameworksBuildPhase section */

/* Begin PBXGroup section */
		FE926FF21695E2E600611FD2 = {
			isa = PBXGroup;
			children = (
				FE9270071695E2E600611FD2 /* Page Appstracts */,
				FE9270391695E2E700611FD2 /* Page AppstractsTests */,
				FE9270001695E2E600611FD2 /* Frameworks */,
				FE926FFE1695E2E600611FD2 /* Products */,
			);
			sourceTree = "<group>";
		};
		FE926FFE1695E2E600611FD2 /* Products */ = {
			isa = PBXGroup;
			children = (
				FE926FFD1695E2E600611FD2 /* Page Appstracts.app */,
				FE9270321695E2E700611FD2 /* Page AppstractsTests.octest */,
			);
			name = Products;
			sourceTree = "<group>";
		};
		FE9270001695E2E600611FD2 /* Frameworks */ = {
			isa = PBXGroup;
			children = (
				FE9270011695E2E600611FD2 /* UIKit.framework */,
				FE9270031695E2E600611FD2 /* Foundation.framework */,
				FE9270051695E2E600611FD2 /* CoreGraphics.framework */,
				FE9270331695E2E700611FD2 /* SenTestingKit.framework */,
			);
			name = Frameworks;
			sourceTree = "<group>";
		};
		FE9270071695E2E600611FD2 /* Page Appstracts */ = {
			isa = PBXGroup;
			children = (
				FE9270101695E2E600611FD2 /* AppDelegate.h */,
				FE9270111695E2E600611FD2 /* AppDelegate.m */,
				FE9270191695E2E600611FD2 /* MainStoryboard_iPhone.storyboard */,
				FE92701C1695E2E600611FD2 /* MainStoryboard_iPad.storyboard */,
				FE92701F1695E2E600611FD2 /* FirstViewController.h */,
				FE9270201695E2E600611FD2 /* FirstViewController.m */,
				FE9270221695E2E600611FD2 /* first.png */,
				FE9270241695E2E600611FD2 /* first@2x.png */,
				FE9270261695E2E600611FD2 /* SecondViewController.h */,
				FE9270271695E2E600611FD2 /* SecondViewController.m */,
				FE9270291695E2E600611FD2 /* second.png */,
				FE92702B1695E2E600611FD2 /* second@2x.png */,
				FE9270081695E2E600611FD2 /* Supporting Files */,
			);
			path = "Page Appstracts";
			sourceTree = "<group>";
		};
		FE9270081695E2E600611FD2 /* Supporting Files */ = {
			isa = PBXGroup;
			children = (
				FE9270091695E2E600611FD2 /* Page Appstracts-Info.plist */,
				FE92700A1695E2E600611FD2 /* InfoPlist.strings */,
				FE92700D1695E2E600611FD2 /* main.m */,
				FE92700F1695E2E600611FD2 /* Page Appstracts-Prefix.pch */,
				FE9270131695E2E600611FD2 /* Default.png */,
				FE9270151695E2E600611FD2 /* Default@2x.png */,
				FE9270171695E2E600611FD2 /* Default-568h@2x.png */,
			);
			name = "Supporting Files";
			sourceTree = "<group>";
		};
		FE9270391695E2E700611FD2 /* Page AppstractsTests */ = {
			isa = PBXGroup;
			children = (
				FE92703F1695E2E700611FD2 /* Page_AppstractsTests.h */,
				FE9270401695E2E700611FD2 /* Page_AppstractsTests.m */,
				FE92703A1695E2E700611FD2 /* Supporting Files */,
			);
			path = "Page AppstractsTests";
			sourceTree = "<group>";
		};
		FE92703A1695E2E700611FD2 /* Supporting Files */ = {
			isa = PBXGroup;
			children = (
				FE92703B1695E2E700611FD2 /* Page AppstractsTests-Info.plist */,
				FE92703C1695E2E700611FD2 /* InfoPlist.strings */,
			);
			name = "Supporting Files";
			sourceTree = "<group>";
		};
/* End PBXGroup section */

/* Begin PBXNativeTarget section */
		FE926FFC1695E2E600611FD2 /* Page Appstracts */ = {
			isa = PBXNativeTarget;
			buildConfigurationList = FE9270441695E2E700611FD2 /* Build configuration list for PBXNativeTarget "Page Appstracts" */;
			buildPhases = (
				FE926FF91695E2E600611FD2 /* Sources */,
				FE926FFA1695E2E600611FD2 /* Frameworks */,
				FE926FFB1695E2E600611FD2 /* Resources */,
			);
			buildRules = (
			);
			dependencies = (
			);
			name = "Page Appstracts";
			productName = "Page Appstracts";
			productReference = FE926FFD1695E2E600611FD2 /* Page Appstracts.app */;
			productType = "com.apple.product-type.application";
		};
		FE9270311695E2E700611FD2 /* Page AppstractsTests */ = {
			isa = PBXNativeTarget;
			buildConfigurationList = FE9270471695E2E700611FD2 /* Build configuration list for PBXNativeTarget "Page AppstractsTests" */;
			buildPhases = (
				FE92702D1695E2E700611FD2 /* Sources */,
				FE92702E1695E2E700611FD2 /* Frameworks */,
				FE92702F1695E2E700611FD2 /* Resources */,
				FE9270301695E2E700611FD2 /* ShellScript */,
			);
			buildRules = (
			);
			dependencies = (
				FE9270381695E2E700611FD2 /* PBXTargetDependency */,
			);
			name = "Page AppstractsTests";
			productName = "Page AppstractsTests";
			productReference = FE9270321695E2E700611FD2 /* Page AppstractsTests.octest */;
			productType = "com.apple.product-type.bundle";
		};
/* End PBXNativeTarget section */

/* Begin PBXProject section */
		FE926FF41695E2E600611FD2 /* Project object */ = {
			isa = PBXProject;
			attributes = {
				LastUpgradeCheck = 0450;
				ORGANIZATIONNAME = "Hendrik Schoemaker";
			};
			buildConfigurationList = FE926FF71695E2E600611FD2 /* Build configuration list for PBXProject "Page Appstracts" */;
			compatibilityVersion = "Xcode 3.2";
			developmentRegion = English;
			hasScannedForEncodings = 0;
			knownRegions = (
				en,
			);
			mainGroup = FE926FF21695E2E600611FD2;
			productRefGroup = FE926FFE1695E2E600611FD2 /* Products */;
			projectDirPath = "";
			projectRoot = "";
			targets = (
				FE926FFC1695E2E600611FD2 /* Page Appstracts */,
				FE9270311695E2E700611FD2 /* Page AppstractsTests */,
			);
		};
/* End PBXProject section */

/* Begin PBXResourcesBuildPhase section */
		FE926FFB1695E2E600611FD2 /* Resources */ = {
			isa = PBXResourcesBuildPhase;
			buildActionMask = 2147483647;
			files = (
				FE92700C1695E2E600611FD2 /* InfoPlist.strings in Resources */,
				FE9270141695E2E600611FD2 /* Default.png in Resources */,
				FE9270161695E2E600611FD2 /* Default@2x.png in Resources */,
				FE9270181695E2E600611FD2 /* Default-568h@2x.png in Resources */,
				FE92701B1695E2E600611FD2 /* MainStoryboard_iPhone.storyboard in Resources */,
				FE92701E1695E2E600611FD2 /* MainStoryboard_iPad.storyboard in Resources */,
				FE9270231695E2E600611FD2 /* first.png in Resources */,
				FE9270251695E2E600611FD2 /* first@2x.png in Resources */,
				FE92702A1695E2E600611FD2 /* second.png in Resources */,
				FE92702C1695E2E600611FD2 /* second@2x.png in Resources */,
			);
			runOnlyForDeploymentPostprocessing = 0;
		};
		FE92702F1695E2E700611FD2 /* Resources */ = {
			isa = PBXResourcesBuildPhase;
			buildActionMask = 2147483647;
			files = (
				FE92703E1695E2E700611FD2 /* InfoPlist.strings in Resources */,
			);
			runOnlyForDeploymentPostprocessing = 0;
		};
/* End PBXResourcesBuildPhase section */

/* Begin PBXShellScriptBuildPhase section */
		FE9270301695E2E700611FD2 /* ShellScript */ = {
			isa = PBXShellScriptBuildPhase;
			buildActionMask = 2147483647;
			files = (
			);
			inputPaths = (
			);
			outputPaths = (
			);
			runOnlyForDeploymentPostprocessing = 0;
			shellPath = /bin/sh;
			shellScript = "# Run the unit tests in this test bundle.\n\"${SYSTEM_DEVELOPER_DIR}/Tools/RunUnitTests\"\n";
		};
/* End PBXShellScriptBuildPhase section */

/* Begin PBXSourcesBuildPhase section */
		FE926FF91695E2E600611FD2 /* Sources */ = {
			isa = PBXSourcesBuildPhase;
			buildActionMask = 2147483647;
			files = (
				FE92700E1695E2E600611FD2 /* main.m in Sources */,
				FE9270121695E2E600611FD2 /* AppDelegate.m in Sources */,
				FE9270211695E2E600611FD2 /* FirstViewController.m in Sources */,
				FE9270281695E2E600611FD2 /* SecondViewController.m in Sources */,
			);
			runOnlyForDeploymentPostprocessing = 0;
		};
		FE92702D1695E2E700611FD2 /* Sources */ = {
			isa = PBXSourcesBuildPhase;
			buildActionMask = 2147483647;
			files = (
				FE9270411695E2E700611FD2 /* Page_AppstractsTests.m in Sources */,
			);
			runOnlyForDeploymentPostprocessing = 0;
		};
/* End PBXSourcesBuildPhase section */

/* Begin PBXTargetDependency section */
		FE9270381695E2E700611FD2 /* PBXTargetDependency */ = {
			isa = PBXTargetDependency;
			target = FE926FFC1695E2E600611FD2 /* Page Appstracts */;
			targetProxy = FE9270371695E2E700611FD2 /* PBXContainerItemProxy */;
		};
/* End PBXTargetDependency section */

/* Begin PBXVariantGroup section */
		FE92700A1695E2E600611FD2 /* InfoPlist.strings */ = {
			isa = PBXVariantGroup;
			children = (
				FE92700B1695E2E600611FD2 /* en */,
			);
			name = InfoPlist.strings;
			sourceTree = "<group>";
		};
		FE9270191695E2E600611FD2 /* MainStoryboard_iPhone.storyboard */ = {
			isa = PBXVariantGroup;
			children = (
				FE92701A1695E2E600611FD2 /* en */,
			);
			name = MainStoryboard_iPhone.storyboard;
			sourceTree = "<group>";
		};
		FE92701C1695E2E600611FD2 /* MainStoryboard_iPad.storyboard */ = {
			isa = PBXVariantGroup;
			children = (
				FE92701D1695E2E600611FD2 /* en */,
			);
			name = MainStoryboard_iPad.storyboard;
			sourceTree = "<group>";
		};
		FE92703C1695E2E700611FD2 /* InfoPlist.strings */ = {
			isa = PBXVariantGroup;
			children = (
				FE92703D1695E2E700611FD2 /* en */,
			);
			name = InfoPlist.strings;
			sourceTree = "<group>";
		};
/* End PBXVariantGroup section */

/* Begin XCBuildConfiguration section */
		FE9270421695E2E700611FD2 /* Debug */ = {
			isa = XCBuildConfiguration;
			buildSettings = {
				ALWAYS_SEARCH_USER_PATHS = NO;
				CLANG_CXX_LANGUAGE_STANDARD = "gnu++0x";
				CLANG_CXX_LIBRARY = "libc++";
				CLANG_ENABLE_OBJC_ARC = YES;
				CLANG_WARN_EMPTY_BODY = YES;
				CLANG_WARN__DUPLICATE_METHOD_MATCH = YES;
				"CODE_SIGN_IDENTITY[sdk=iphoneos*]" = "iPhone Developer";
				COPY_PHASE_STRIP = NO;
				GCC_C_LANGUAGE_STANDARD = gnu99;
				GCC_DYNAMIC_NO_PIC = NO;
				GCC_OPTIMIZATION_LEVEL = 0;
				GCC_PREPROCESSOR_DEFINITIONS = (
					"DEBUG=1",
					"$(inherited)",
				);
				GCC_SYMBOLS_PRIVATE_EXTERN = NO;
				GCC_WARN_ABOUT_RETURN_TYPE = YES;
				GCC_WARN_UNINITIALIZED_AUTOS = YES;
				GCC_WARN_UNUSED_VARIABLE = YES;
				IPHONEOS_DEPLOYMENT_TARGET = 6.0;
				ONLY_ACTIVE_ARCH = YES;
				SDKROOT = iphoneos;
				TARGETED_DEVICE_FAMILY = "1,2";
			};
			name = Debug;
		};
		FE9270431695E2E700611FD2 /* Release */ = {
			isa = XCBuildConfiguration;
			buildSettings = {
				ALWAYS_SEARCH_USER_PATHS = NO;
				CLANG_CXX_LANGUAGE_STANDARD = "gnu++0x";
				CLANG_CXX_LIBRARY = "libc++";
				CLANG_ENABLE_OBJC_ARC = YES;
				CLANG_WARN_EMPTY_BODY = YES;
				CLANG_WARN__DUPLICATE_METHOD_MATCH = YES;
				"CODE_SIGN_IDENTITY[sdk=iphoneos*]" = "iPhone Developer";
				COPY_PHASE_STRIP = YES;
				GCC_C_LANGUAGE_STANDARD = gnu99;
				GCC_WARN_ABOUT_RETURN_TYPE = YES;
				GCC_WARN_UNINITIALIZED_AUTOS = YES;
				GCC_WARN_UNUSED_VARIABLE = YES;
				IPHONEOS_DEPLOYMENT_TARGET = 6.0;
				OTHER_CFLAGS = "-DNS_BLOCK_ASSERTIONS=1";
				SDKROOT = iphoneos;
				TARGETED_DEVICE_FAMILY = "1,2";
				VALIDATE_PRODUCT = YES;
			};
			name = Release;
		};
		FE9270451695E2E700611FD2 /* Debug */ = {
			isa = XCBuildConfiguration;
			buildSettings = {
				GCC_PRECOMPILE_PREFIX_HEADER = YES;
				GCC_PREFIX_HEADER = "Page Appstracts/Page Appstracts-Prefix.pch";
				INFOPLIST_FILE = "Page Appstracts/Page Appstracts-Info.plist";
				PRODUCT_NAME = "$(TARGET_NAME)";
				WRAPPER_EXTENSION = app;
			};
			name = Debug;
		};
		FE9270461695E2E700611FD2 /* Release */ = {
			isa = XCBuildConfiguration;
			buildSettings = {
				GCC_PRECOMPILE_PREFIX_HEADER = YES;
				GCC_PREFIX_HEADER = "Page Appstracts/Page Appstracts-Prefix.pch";
				INFOPLIST_FILE = "Page Appstracts/Page Appstracts-Info.plist";
				PRODUCT_NAME = "$(TARGET_NAME)";
				WRAPPER_EXTENSION = app;
			};
			name = Release;
		};
		FE9270481695E2E700611FD2 /* Debug */ = {
			isa = XCBuildConfiguration;
			buildSettings = {
				BUNDLE_LOADER = "$(BUILT_PRODUCTS_DIR)/Page Appstracts.app/Page Appstracts";
				FRAMEWORK_SEARCH_PATHS = (
					"\"$(SDKROOT)/Developer/Library/Frameworks\"",
					"\"$(DEVELOPER_LIBRARY_DIR)/Frameworks\"",
				);
				GCC_PRECOMPILE_PREFIX_HEADER = YES;
				GCC_PREFIX_HEADER = "Page Appstracts/Page Appstracts-Prefix.pch";
				INFOPLIST_FILE = "Page AppstractsTests/Page AppstractsTests-Info.plist";
				PRODUCT_NAME = "$(TARGET_NAME)";
				TEST_HOST = "$(BUNDLE_LOADER)";
				WRAPPER_EXTENSION = octest;
			};
			name = Debug;
		};
		FE9270491695E2E700611FD2 /* Release */ = {
			isa = XCBuildConfiguration;
			buildSettings = {
				BUNDLE_LOADER = "$(BUILT_PRODUCTS_DIR)/Page Appstracts.app/Page Appstracts";
				FRAMEWORK_SEARCH_PATHS = (
					"\"$(SDKROOT)/Developer/Library/Frameworks\"",
					"\"$(DEVELOPER_LIBRARY_DIR)/Frameworks\"",
				);
				GCC_PRECOMPILE_PREFIX_HEADER = YES;
				GCC_PREFIX_HEADER = "Page Appstracts/Page Appstracts-Prefix.pch";
				INFOPLIST_FILE = "Page AppstractsTests/Page AppstractsTests-Info.plist";
				PRODUCT_NAME = "$(TARGET_NAME)";
				TEST_HOST = "$(BUNDLE_LOADER)";
				WRAPPER_EXTENSION = octest;
			};
			name = Release;
		};
/* End XCBuildConfiguration section */

/* Begin XCConfigurationList section */
		FE926FF71695E2E600611FD2 /* Build configuration list for PBXProject "Page Appstracts" */ = {
			isa = XCConfigurationList;
			buildConfigurations = (
				FE9270421695E2E700611FD2 /* Debug */,
				FE9270431695E2E700611FD2 /* Release */,
			);
			defaultConfigurationIsVisible = 0;
			defaultConfigurationName = Release;
		};
		FE9270441695E2E700611FD2 /* Build configuration list for PBXNativeTarget "Page Appstracts" */ = {
			isa = XCConfigurationList;
			buildConfigurations = (
				FE9270451695E2E700611FD2 /* Debug */,
				FE9270461695E2E700611FD2 /* Release */,
			);
			defaultConfigurationIsVisible = 0;
		};
		FE9270471695E2E700611FD2 /* Build configuration list for PBXNativeTarget "Page AppstractsTests" */ = {
			isa = XCConfigurationList;
			buildConfigurations = (
				FE9270481695E2E700611FD2 /* Debug */,
				FE9270491695E2E700611FD2 /* Release */,
			);
			defaultConfigurationIsVisible = 0;
		};
/* End XCConfigurationList section */
	};
	rootObject = FE926FF41695E2E600611FD2 /* Project object */;
}
